// !$*UTF8*$!
{
	archiveVersion = 1;
	classes = {
	};
	objectVersion = 77;
	objects = {

/* Begin PBXBuildFile section */
		A74DDB072FE098D600154946 /* Localizable.xcstrings in Resources */ = {isa = PBXBuildFile; fileRef = A74DDB062FE098D600154946 /* Localizable.xcstrings */; };
		A793FE73305E563600717BA8 /* Dog Academy Watch Watch App.app in Embed Watch Content */ = {isa = PBXBuildFile; fileRef = A793FE53305E563500717BA8 /* Dog Academy Watch Watch App.app */; settings = {ATTRIBUTES = (RemoveHeadersOnCopy, ); }; };
		A7BCB87D305FEF7800839BCF /* Localizable.xcstrings in Resources */ = {isa = PBXBuildFile; fileRef = A74DDB062FE098D600154946 /* Localizable.xcstrings */; };
/* End PBXBuildFile section */

/* Begin PBXContainerItemProxy section */
		A74DDADC2FE08E4C00154946 /* PBXContainerItemProxy */ = {
			isa = PBXContainerItemProxy;
			containerPortal = A74DDAC62FE08E4900154946 /* Project object */;
			proxyType = 1;
			remoteGlobalIDString = A74DDACD2FE08E4900154946;
			remoteInfo = "Dog Trainer";
		};
		A74DDAE62FE08E4C00154946 /* PBXContainerItemProxy */ = {
			isa = PBXContainerItemProxy;
			containerPortal = A74DDAC62FE08E4900154946 /* Project object */;
			proxyType = 1;
			remoteGlobalIDString = A74DDACD2FE08E4900154946;
			remoteInfo = "Dog Trainer";
		};
		A793FE60305E563600717BA8 /* PBXContainerItemProxy */ = {
			isa = PBXContainerItemProxy;
			containerPortal = A74DDAC62FE08E4900154946 /* Project object */;
			proxyType = 1;
			remoteGlobalIDString = A793FE52305E563500717BA8;
			remoteInfo = "Dog Academy Watch Watch App";
		};
		A793FE6A305E563600717BA8 /* PBXContainerItemProxy */ = {
			isa = PBXContainerItemProxy;
			containerPortal = A74DDAC62FE08E4900154946 /* Project object */;
			proxyType = 1;
			remoteGlobalIDString = A793FE52305E563500717BA8;
			remoteInfo = "Dog Academy Watch Watch App";
		};
		A793FE71305E563600717BA8 /* PBXContainerItemProxy */ = {
			isa = PBXContainerItemProxy;
			containerPortal = A74DDAC62FE08E4900154946 /* Project object */;
			proxyType = 1;
			remoteGlobalIDString = A793FE52305E563500717BA8;
			remoteInfo = "Dog Academy Watch Watch App";
		};
/* End PBXContainerItemProxy section */

/* Begin PBXCopyFilesBuildPhase section */
		A793FE74305E563600717BA8 /* Embed Watch Content */ = {
			isa = PBXCopyFilesBuildPhase;
			buildActionMask = 2147483647;
			dstPath = "$(CONTENTS_FOLDER_PATH)/Watch";
			dstSubfolderSpec = 16;
			files = (
				A793FE73305E563600717BA8 /* Dog Academy Watch Watch App.app in Embed Watch Content */,
			);
			name = "Embed Watch Content";
			runOnlyForDeploymentPostprocessing = 0;
		};
/* End PBXCopyFilesBuildPhase section */

/* Begin PBXFileReference section */
		A74DDACE2FE08E4900154946 /* Dog Trainer.app */ = {isa = PBXFileReference; explicitFileType = wrapper.application; includeInIndex = 0; path = "Dog Trainer.app"; sourceTree = BUILT_PRODUCTS_DIR; };
		A74DDADB2FE08E4C00154946 /* Dog TrainerTests.xctest */ = {isa = PBXFileReference; explicitFileType = wrapper.cfbundle; includeInIndex = 0; path = "Dog TrainerTests.xctest"; sourceTree = BUILT_PRODUCTS_DIR; };
		A74DDAE52FE08E4C00154946 /* Dog TrainerUITests.xctest */ = {isa = PBXFileReference; explicitFileType = wrapper.cfbundle; includeInIndex = 0; path = "Dog TrainerUITests.xctest"; sourceTree = BUILT_PRODUCTS_DIR; };
		A74DDB062FE098D600154946 /* Localizable.xcstrings */ = {isa = PBXFileReference; lastKnownFileType = text.json.xcstrings; path = Localizable.xcstrings; sourceTree = "<group>"; };
		A793FE53305E563500717BA8 /* Dog Academy Watch Watch App.app */ = {isa = PBXFileReference; explicitFileType = wrapper.application; includeInIndex = 0; path = "Dog Academy Watch Watch App.app"; sourceTree = BUILT_PRODUCTS_DIR; };
		A793FE5F305E563600717BA8 /* Dog Academy Watch Watch AppTests.xctest */ = {isa = PBXFileReference; explicitFileType = wrapper.cfbundle; includeInIndex = 0; path = "Dog Academy Watch Watch AppTests.xctest"; sourceTree = BUILT_PRODUCTS_DIR; };
		A793FE69305E563600717BA8 /* Dog Academy Watch Watch AppUITests.xctest */ = {isa = PBXFileReference; explicitFileType = wrapper.cfbundle; includeInIndex = 0; path = "Dog Academy Watch Watch AppUITests.xctest"; sourceTree = BUILT_PRODUCTS_DIR; };
/* End PBXFileReference section */

/* Begin PBXFileSystemSynchronizedRootGroup section */
		A74DDAD02FE08E4900154946 /* Dog Trainer */ = {
			isa = PBXFileSystemSynchronizedRootGroup;
			path = "Dog Trainer";
			sourceTree = "<group>";
		};
		A74DDADE2FE08E4C00154946 /* Dog TrainerTests */ = {
			isa = PBXFileSystemSynchronizedRootGroup;
			path = "Dog TrainerTests";
			sourceTree = "<group>";
		};
		A74DDAE82FE08E4C00154946 /* Dog TrainerUITests */ = {
			isa = PBXFileSystemSynchronizedRootGroup;
			path = "Dog TrainerUITests";
			sourceTree = "<group>";
		};
		A793FE54305E563500717BA8 /* Dog Academy Watch Watch App */ = {
			isa = PBXFileSystemSynchronizedRootGroup;
			path = "Dog Academy Watch Watch App";
			sourceTree = "<group>";
		};
		A793FE62305E563600717BA8 /* Dog Academy Watch Watch AppTests */ = {
			isa = PBXFileSystemSynchronizedRootGroup;
			path = "Dog Academy Watch Watch AppTests";
			sourceTree = "<group>";
		};
		A793FE6C305E563600717BA8 /* Dog Academy Watch Watch AppUITests */ = {
			isa = PBXFileSystemSynchronizedRootGroup;
			path = "Dog Academy Watch Watch AppUITests";
			sourceTree = "<group>";
		};
/* End PBXFileSystemSynchronizedRootGroup section */

/* Begin PBXFrameworksBuildPhase section */
		A74DDACB2FE08E4900154946 /* Frameworks */ = {
			isa = PBXFrameworksBuildPhase;
			buildActionMask = 2147483647;
			files = (
			);
			runOnlyForDeploymentPostprocessing = 0;
		};
		A74DDAD82FE08E4C00154946 /* Frameworks */ = {
			isa = PBXFrameworksBuildPhase;
			buildActionMask = 2147483647;
			files = (
			);
			runOnlyForDeploymentPostprocessing = 0;
		};
		A74DDAE22FE08E4C00154946 /* Frameworks */ = {
			isa = PBXFrameworksBuildPhase;
			buildActionMask = 2147483647;
			files = (
			);
			runOnlyForDeploymentPostprocessing = 0;
		};
		A793FE50305E563500717BA8 /* Frameworks */ = {
			isa = PBXFrameworksBuildPhase;
			buildActionMask = 2147483647;
			files = (
			);
			runOnlyForDeploymentPostprocessing = 0;
		};
		A793FE5C305E563600717BA8 /* Frameworks */ = {
			isa = PBXFrameworksBuildPhase;
			buildActionMask = 2147483647;
			files = (
			);
			runOnlyForDeploymentPostprocessing = 0;
		};
		A793FE66305E563600717BA8 /* Frameworks */ = {
			isa = PBXFrameworksBuildPhase;
			buildActionMask = 2147483647;
			files = (
			);
			runOnlyForDeploymentPostprocessing = 0;
		};
/* End PBXFrameworksBuildPhase section */

/* Begin PBXGroup section */
		A74DDAC52FE08E4900154946 = {
			isa = PBXGroup;
			children = (
				A74DDB062FE098D600154946 /* Localizable.xcstrings */,
				A74DDAD02FE08E4900154946 /* Dog Trainer */,
				A74DDADE2FE08E4C00154946 /* Dog TrainerTests */,
				A74DDAE82FE08E4C00154946 /* Dog TrainerUITests */,
				A793FE54305E563500717BA8 /* Dog Academy Watch Watch App */,
				A793FE62305E563600717BA8 /* Dog Academy Watch Watch AppTests */,
				A793FE6C305E563600717BA8 /* Dog Academy Watch Watch AppUITests */,
				A74DDACF2FE08E4900154946 /* Products */,
			);
			sourceTree = "<group>";
		};
		A74DDACF2FE08E4900154946 /* Products */ = {
			isa = PBXGroup;
			children = (
				A74DDACE2FE08E4900154946 /* Dog Trainer.app */,
				A74DDADB2FE08E4C00154946 /* Dog TrainerTests.xctest */,
				A74DDAE52FE08E4C00154946 /* Dog TrainerUITests.xctest */,
				A793FE53305E563500717BA8 /* Dog Academy Watch Watch App.app */,
				A793FE5F305E563600717BA8 /* Dog Academy Watch Watch AppTests.xctest */,
				A793FE69305E563600717BA8 /* Dog Academy Watch Watch AppUITests.xctest */,
			);
			name = Products;
			sourceTree = "<group>";
		};
/* End PBXGroup section */

/* Begin PBXNativeTarget section */
		A74DDACD2FE08E4900154946 /* Dog Trainer */ = {
			isa = PBXNativeTarget;
			buildConfigurationList = A74DDAEF2FE08E4C00154946 /* Build configuration list for PBXNativeTarget "Dog Trainer" */;
			buildPhases = (
				A74DDACA2FE08E4900154946 /* Sources */,
				A74DDACB2FE08E4900154946 /* Frameworks */,
				A74DDACC2FE08E4900154946 /* Resources */,
				A793FE74305E563600717BA8 /* Embed Watch Content */,
			);
			buildRules = (
			);
			dependencies = (
				A793FE72305E563600717BA8 /* PBXTargetDependency */,
			);
			fileSystemSynchronizedGroups = (
				A74DDAD02FE08E4900154946 /* Dog Trainer */,
			);
			name = "Dog Trainer";
			packageProductDependencies = (
			);
			productName = "Dog Trainer";
			productReference = A74DDACE2FE08E4900154946 /* Dog Trainer.app */;
			productType = "com.apple.product-type.application";
		};
		A74DDADA2FE08E4C00154946 /* Dog TrainerTests */ = {
			isa = PBXNativeTarget;
			buildConfigurationList = A74DDAF22FE08E4C00154946 /* Build configuration list for PBXNativeTarget "Dog TrainerTests" */;
			buildPhases = (
				A74DDAD72FE08E4C00154946 /* Sources */,
				A74DDAD82FE08E4C00154946 /* Frameworks */,
				A74DDAD92FE08E4C00154946 /* Resources */,
			);
			buildRules = (
			);
			dependencies = (
				A74DDADD2FE08E4C00154946 /* PBXTargetDependency */,
			);
			fileSystemSynchronizedGroups = (
				A74DDADE2FE08E4C00154946 /* Dog TrainerTests */,
			);
			name = "Dog TrainerTests";
			packageProductDependencies = (
			);
			productName = "Dog TrainerTests";
			productReference = A74DDADB2FE08E4C00154946 /* Dog TrainerTests.xctest */;
			productType = "com.apple.product-type.bundle.unit-test";
		};
		A74DDAE42FE08E4C00154946 /* Dog TrainerUITests */ = {
			isa = PBXNativeTarget;
			buildConfigurationList = A74DDAF52FE08E4C00154946 /* Build configuration list for PBXNativeTarget "Dog TrainerUITests" */;
			buildPhases = (
				A74DDAE12FE08E4C00154946 /* Sources */,
				A74DDAE22FE08E4C00154946 /* Frameworks */,
				A74DDAE32FE08E4C00154946 /* Resources */,
			);
			buildRules = (
			);
			dependencies = (
				A74DDAE72FE08E4C00154946 /* PBXTargetDependency */,
			);
			fileSystemSynchronizedGroups = (
				A74DDAE82FE08E4C00154946 /* Dog TrainerUITests */,
			);
			name = "Dog TrainerUITests";
			packageProductDependencies = (
			);
			productName = "Dog TrainerUITests";
			productReference = A74DDAE52FE08E4C00154946 /* Dog TrainerUITests.xctest */;
			productType = "com.apple.product-type.bundle.ui-testing";
		};
		A793FE52305E563500717BA8 /* Dog Academy Watch Watch App */ = {
			isa = PBXNativeTarget;
			buildConfigurationList = A793FE7B305E563600717BA8 /* Build configuration list for PBXNativeTarget "Dog Academy Watch Watch App" */;
			buildPhases = (
				A793FE4F305E563500717BA8 /* Sources */,
				A793FE50305E563500717BA8 /* Frameworks */,
				A793FE51305E563500717BA8 /* Resources */,
			);
			buildRules = (
			);
			dependencies = (
			);
			fileSystemSynchronizedGroups = (
				A793FE54305E563500717BA8 /* Dog Academy Watch Watch App */,
			);
			name = "Dog Academy Watch Watch App";
			packageProductDependencies = (
			);
			productName = "Dog Academy Watch Watch App";
			productReference = A793FE53305E563500717BA8 /* Dog Academy Watch Watch App.app */;
			productType = "com.apple.product-type.application";
		};
		A793FE5E305E563600717BA8 /* Dog Academy Watch Watch AppTests */ = {
			isa = PBXNativeTarget;
			buildConfigurationList = A793FE7C305E563600717BA8 /* Build configuration list for PBXNativeTarget "Dog Academy Watch Watch AppTests" */;
			buildPhases = (
				A793FE5B305E563600717BA8 /* Sources */,
				A793FE5C305E563600717BA8 /* Frameworks */,
				A793FE5D305E563600717BA8 /* Resources */,
			);
			buildRules = (
			);
			dependencies = (
				A793FE61305E563600717BA8 /* PBXTargetDependency */,
			);
			fileSystemSynchronizedGroups = (
				A793FE62305E563600717BA8 /* Dog Academy Watch Watch AppTests */,
			);
			name = "Dog Academy Watch Watch AppTests";
			packageProductDependencies = (
			);
			productName = "Dog Academy Watch Watch AppTests";
			productReference = A793FE5F305E563600717BA8 /* Dog Academy Watch Watch AppTests.xctest */;
			productType = "com.apple.product-type.bundle.unit-test";
		};
		A793FE68305E563600717BA8 /* Dog Academy Watch Watch AppUITests */ = {
			isa = PBXNativeTarget;
			buildConfigurationList = A793FE7D305E563600717BA8 /* Build configuration list for PBXNativeTarget "Dog Academy Watch Watch AppUITests" */;
			buildPhases = (
				A793FE65305E563600717BA8 /* Sources */,
				A793FE66305E563600717BA8 /* Frameworks */,
				A793FE67305E563600717BA8 /* Resources */,
			);
			buildRules = (
			);
			dependencies = (
				A793FE6B305E563600717BA8 /* PBXTargetDependency */,
			);
			fileSystemSynchronizedGroups = (
				A793FE6C305E563600717BA8 /* Dog Academy Watch Watch AppUITests */,
			);
			name = "Dog Academy Watch Watch AppUITests";
			packageProductDependencies = (
			);
			productName = "Dog Academy Watch Watch AppUITests";
			productReference = A793FE69305E563600717BA8 /* Dog Academy Watch Watch AppUITests.xctest */;
			productType = "com.apple.product-type.bundle.ui-testing";
		};
/* End PBXNativeTarget section */

/* Begin PBXProject section */
		A74DDAC62FE08E4900154946 /* Project object */ = {
			isa = PBXProject;
			attributes = {
				BuildIndependentTargetsInParallel = 1;
				LastSwiftUpdateCheck = 2650;
				LastUpgradeCheck = 2650;
				TargetAttributes = {
					A74DDACD2FE08E4900154946 = {
						CreatedOnToolsVersion = 26.5;
					};
					A74DDADA2FE08E4C00154946 = {
						CreatedOnToolsVersion = 26.5;
						TestTargetID = A74DDACD2FE08E4900154946;
					};
					A74DDAE42FE08E4C00154946 = {
						CreatedOnToolsVersion = 26.5;
						TestTargetID = A74DDACD2FE08E4900154946;
					};
					A793FE52305E563500717BA8 = {
						CreatedOnToolsVersion = 26.5;
					};
					A793FE5E305E563600717BA8 = {
						CreatedOnToolsVersion = 26.5;
						TestTargetID = A793FE52305E563500717BA8;
					};
					A793FE68305E563600717BA8 = {
						CreatedOnToolsVersion = 26.5;
						TestTargetID = A793FE52305E563500717BA8;
					};
				};
			};
			buildConfigurationList = A74DDAC92FE08E4900154946 /* Build configuration list for PBXProject "Dog Trainer" */;
			developmentRegion = en;
			hasScannedForEncodings = 0;
			knownRegions = (
				en,
				Base,
			);
			mainGroup = A74DDAC52FE08E4900154946;
			minimizedProjectReferenceProxies = 1;
			preferredProjectObjectVersion = 77;
			productRefGroup = A74DDACF2FE08E4900154946 /* Products */;
			projectDirPath = "";
			projectRoot = "";
			targets = (
				A74DDACD2FE08E4900154946 /* Dog Trainer */,
				A74DDADA2FE08E4C00154946 /* Dog TrainerTests */,
				A74DDAE42FE08E4C00154946 /* Dog TrainerUITests */,
				A793FE52305E563500717BA8 /* Dog Academy Watch Watch App */,
				A793FE5E305E563600717BA8 /* Dog Academy Watch Watch AppTests */,
				A793FE68305E563600717BA8 /* Dog Academy Watch Watch AppUITests */,
			);
		};
/* End PBXProject section */

/* Begin PBXResourcesBuildPhase section */
		A74DDACC2FE08E4900154946 /* Resources */ = {
			isa = PBXResourcesBuildPhase;
			buildActionMask = 2147483647;
			files = (
				A74DDB072FE098D600154946 /* Localizable.xcstrings in Resources */,
			);
			runOnlyForDeploymentPostprocessing = 0;
		};
		A74DDAD92FE08E4C00154946 /* Resources */ = {
			isa = PBXResourcesBuildPhase;
			buildActionMask = 2147483647;
			files = (
			);
			runOnlyForDeploymentPostprocessing = 0;
		};
		A74DDAE32FE08E4C00154946 /* Resources */ = {
			isa = PBXResourcesBuildPhase;
			buildActionMask = 2147483647;
			files = (
			);
			runOnlyForDeploymentPostprocessing = 0;
		};
		A793FE51305E563500717BA8 /* Resources */ = {
			isa = PBXResourcesBuildPhase;
			buildActionMask = 2147483647;
			files = (
				A7BCB87D305FEF7800839BCF /* Localizable.xcstrings in Resources */,
			);
			runOnlyForDeploymentPostprocessing = 0;
		};
		A793FE5D305E563600717BA8 /* Resources */ = {
			isa = PBXResourcesBuildPhase;
			buildActionMask = 2147483647;
			files = (
			);
			runOnlyForDeploymentPostprocessing = 0;
		};
		A793FE67305E563600717BA8 /* Resources */ = {
			isa = PBXResourcesBuildPhase;
			buildActionMask = 2147483647;
			files = (
			);
			runOnlyForDeploymentPostprocessing = 0;
		};
/* End PBXResourcesBuildPhase section */

/* Begin PBXSourcesBuildPhase section */
		A74DDACA2FE08E4900154946 /* Sources */ = {
			isa = PBXSourcesBuildPhase;
			buildActionMask = 2147483647;
			files = (
			);
			runOnlyForDeploymentPostprocessing = 0;
		};
		A74DDAD72FE08E4C00154946 /* Sources */ = {
			isa = PBXSourcesBuildPhase;
			buildActionMask = 2147483647;
			files = (
			);
			runOnlyForDeploymentPostprocessing = 0;
		};
		A74DDAE12FE08E4C00154946 /* Sources */ = {
			isa = PBXSourcesBuildPhase;
			buildActionMask = 2147483647;
			files = (
			);
			runOnlyForDeploymentPostprocessing = 0;
		};
		A793FE4F305E563500717BA8 /* Sources */ = {
			isa = PBXSourcesBuildPhase;
			buildActionMask = 2147483647;
			files = (
			);
			runOnlyForDeploymentPostprocessing = 0;
		};
		A793FE5B305E563600717BA8 /* Sources */ = {
			isa = PBXSourcesBuildPhase;
			buildActionMask = 2147483647;
			files = (
			);
			runOnlyForDeploymentPostprocessing = 0;
		};
		A793FE65305E563600717BA8 /* Sources */ = {
			isa = PBXSourcesBuildPhase;
			buildActionMask = 2147483647;
			files = (
			);
			runOnlyForDeploymentPostprocessing = 0;
		};
/* End PBXSourcesBuildPhase section */

/* Begin PBXTargetDependency section */
		A74DDADD2FE08E4C00154946 /* PBXTargetDependency */ = {
			isa = PBXTargetDependency;
			target = A74DDACD2FE08E4900154946 /* Dog Trainer */;
			targetProxy = A74DDADC2FE08E4C00154946 /* PBXContainerItemProxy */;
		};
		A74DDAE72FE08E4C00154946 /* PBXTargetDependency */ = {
			isa = PBXTargetDependency;
			target = A74DDACD2FE08E4900154946 /* Dog Trainer */;
			targetProxy = A74DDAE62FE08E4C00154946 /* PBXContainerItemProxy */;
		};
		A793FE61305E563600717BA8 /* PBXTargetDependency */ = {
			isa = PBXTargetDependency;
			target = A793FE52305E563500717BA8 /* Dog Academy Watch Watch App */;
			targetProxy = A793FE60305E563600717BA8 /* PBXContainerItemProxy */;
		};
		A793FE6B305E563600717BA8 /* PBXTargetDependency */ = {
			isa = PBXTargetDependency;
			target = A793FE52305E563500717BA8 /* Dog Academy Watch Watch App */;
			targetProxy = A793FE6A305E563600717BA8 /* PBXContainerItemProxy */;
		};
		A793FE72305E563600717BA8 /* PBXTargetDependency */ = {
			isa = PBXTargetDependency;
			target = A793FE52305E563500717BA8 /* Dog Academy Watch Watch App */;
			targetProxy = A793FE71305E563600717BA8 /* PBXContainerItemProxy */;
		};
/* End PBXTargetDependency section */

/* Begin XCBuildConfiguration section */
		A74DDAED2FE08E4C00154946 /* Debug */ = {
			isa = XCBuildConfiguration;
			buildSettings = {
				ALWAYS_SEARCH_USER_PATHS = NO;
				ASSETCATALOG_COMPILER_GENERATE_SWIFT_ASSET_SYMBOL_EXTENSIONS = YES;
				CLANG_ANALYZER_NONNULL = YES;
				CLANG_ANALYZER_NUMBER_OBJECT_CONVERSION = YES_AGGRESSIVE;
				CLANG_CXX_LANGUAGE_STANDARD = "gnu++20";
				CLANG_ENABLE_MODULES = YES;
				CLANG_ENABLE_OBJC_ARC = YES;
				CLANG_ENABLE_OBJC_WEAK = YES;
				CLANG_WARN_BLOCK_CAPTURE_AUTORELEASING = YES;
				CLANG_WARN_BOOL_CONVERSION = YES;
				CLANG_WARN_COMMA = YES;
				CLANG_WARN_CONSTANT_CONVERSION = YES;
				CLANG_WARN_DEPRECATED_OBJC_IMPLEMENTATIONS = YES;
				CLANG_WARN_DIRECT_OBJC_ISA_USAGE = YES_ERROR;
				CLANG_WARN_DOCUMENTATION_COMMENTS = YES;
				CLANG_WARN_EMPTY_BODY = YES;
				CLANG_WARN_ENUM_CONVERSION = YES;
				CLANG_WARN_INFINITE_RECURSION = YES;
				CLANG_WARN_INT_CONVERSION = YES;
				CLANG_WARN_NON_LITERAL_NULL_CONVERSION = YES;
				CLANG_WARN_OBJC_IMPLICIT_RETAIN_SELF = YES;
				CLANG_WARN_OBJC_LITERAL_CONVERSION = YES;
				CLANG_WARN_OBJC_ROOT_CLASS = YES_ERROR;
				CLANG_WARN_QUOTED_INCLUDE_IN_FRAMEWORK_HEADER = YES;
				CLANG_WARN_RANGE_LOOP_ANALYSIS = YES;
				CLANG_WARN_STRICT_PROTOTYPES = YES;
				CLANG_WARN_SUSPICIOUS_MOVE = YES;
				CLANG_WARN_UNGUARDED_AVAILABILITY = YES_AGGRESSIVE;
				CLANG_WARN_UNREACHABLE_CODE = YES;
				CLANG_WARN__DUPLICATE_METHOD_MATCH = YES;
				COPY_PHASE_STRIP = NO;
				DEBUG_INFORMATION_FORMAT = dwarf;
				DEVELOPMENT_TEAM = 2T275HN47B;
				ENABLE_STRICT_OBJC_MSGSEND = YES;
				ENABLE_TESTABILITY = YES;
				ENABLE_USER_SCRIPT_SANDBOXING = YES;
				GCC_C_LANGUAGE_STANDARD = gnu17;
				GCC_DYNAMIC_NO_PIC = NO;
				GCC_NO_COMMON_BLOCKS = YES;
				GCC_OPTIMIZATION_LEVEL = 0;
				GCC_PREPROCESSOR_DEFINITIONS = (
					"DEBUG=1",
					"$(inherited)",
				);
				GCC_WARN_64_TO_32_BIT_CONVERSION = YES;
				GCC_WARN_ABOUT_RETURN_TYPE = YES_ERROR;
				GCC_WARN_UNDECLARED_SELECTOR = YES;
				GCC_WARN_UNINITIALIZED_AUTOS = YES_AGGRESSIVE;
				GCC_WARN_UNUSED_FUNCTION = YES;
				GCC_WARN_UNUSED_VARIABLE = YES;
				IPHONEOS_DEPLOYMENT_TARGET = 26.5;
				LOCALIZATION_PREFERS_STRING_CATALOGS = YES;
				MTL_ENABLE_DEBUG_INFO = INCLUDE_SOURCE;
				MTL_FAST_MATH = YES;
				ONLY_ACTIVE_ARCH = YES;
				SDKROOT = iphoneos;
				SWIFT_ACTIVE_COMPILATION_CONDITIONS = "DEBUG $(inherited)";
				SWIFT_EMIT_LOC_STRINGS = YES;
				SWIFT_OPTIMIZATION_LEVEL = "-Onone";
			};
			name = Debug;
		};
		A74DDAEE2FE08E4C00154946 /* Release */ = {
			isa = XCBuildConfiguration;
			buildSettings = {
				ALWAYS_SEARCH_USER_PATHS = NO;
				ASSETCATALOG_COMPILER_GENERATE_SWIFT_ASSET_SYMBOL_EXTENSIONS = YES;
				CLANG_ANALYZER_NONNULL = YES;
				CLANG_ANALYZER_NUMBER_OBJECT_CONVERSION = YES_AGGRESSIVE;
				CLANG_CXX_LANGUAGE_STANDARD = "gnu++20";
				CLANG_ENABLE_MODULES = YES;
				CLANG_ENABLE_OBJC_ARC = YES;
				CLANG_ENABLE_OBJC_WEAK = YES;
				CLANG_WARN_BLOCK_CAPTURE_AUTORELEASING = YES;
				CLANG_WARN_BOOL_CONVERSION = YES;
				CLANG_WARN_COMMA = YES;
				CLANG_WARN_CONSTANT_CONVERSION = YES;
				CLANG_WARN_DEPRECATED_OBJC_IMPLEMENTATIONS = YES;
				CLANG_WARN_DIRECT_OBJC_ISA_USAGE = YES_ERROR;
				CLANG_WARN_DOCUMENTATION_COMMENTS = YES;
				CLANG_WARN_EMPTY_BODY = YES;
				CLANG_WARN_ENUM_CONVERSION = YES;
				CLANG_WARN_INFINITE_RECURSION = YES;
				CLANG_WARN_INT_CONVERSION = YES;
				CLANG_WARN_NON_LITERAL_NULL_CONVERSION = YES;
				CLANG_WARN_OBJC_IMPLICIT_RETAIN_SELF = YES;
				CLANG_WARN_OBJC_LITERAL_CONVERSION = YES;
				CLANG_WARN_OBJC_ROOT_CLASS = YES_ERROR;
				CLANG_WARN_QUOTED_INCLUDE_IN_FRAMEWORK_HEADER = YES;
				CLANG_WARN_RANGE_LOOP_ANALYSIS = YES;
				CLANG_WARN_STRICT_PROTOTYPES = YES;
				CLANG_WARN_SUSPICIOUS_MOVE = YES;
				CLANG_WARN_UNGUARDED_AVAILABILITY = YES_AGGRESSIVE;
				CLANG_WARN_UNREACHABLE_CODE = YES;
				CLANG_WARN__DUPLICATE_METHOD_MATCH = YES;
				COPY_PHASE_STRIP = NO;
				DEBUG_INFORMATION_FORMAT = "dwarf-with-dsym";
				DEVELOPMENT_TEAM = 2T275HN47B;
				ENABLE_NS_ASSERTIONS = NO;
				ENABLE_STRICT_OBJC_MSGSEND = YES;
				ENABLE_USER_SCRIPT_SANDBOXING = YES;
				GCC_C_LANGUAGE_STANDARD = gnu17;
				GCC_NO_COMMON_BLOCKS = YES;
				GCC_WARN_64_TO_32_BIT_CONVERSION = YES;
				GCC_WARN_ABOUT_RETURN_TYPE = YES_ERROR;
				GCC_WARN_UNDECLARED_SELECTOR = YES;
				GCC_WARN_UNINITIALIZED_AUTOS = YES_AGGRESSIVE;
				GCC_WARN_UNUSED_FUNCTION = YES;
				GCC_WARN_UNUSED_VARIABLE = YES;
				IPHONEOS_DEPLOYMENT_TARGET = 26.5;
				LOCALIZATION_PREFERS_STRING_CATALOGS = YES;
				MTL_ENABLE_DEBUG_INFO = NO;
				MTL_FAST_MATH = YES;
				SDKROOT = iphoneos;
				SWIFT_COMPILATION_MODE = wholemodule;
				SWIFT_EMIT_LOC_STRINGS = YES;
				VALIDATE_PRODUCT = YES;
			};
			name = Release;
		};
		A74DDAF02FE08E4C00154946 /* Debug */ = {
			isa = XCBuildConfiguration;
			buildSettings = {
				ASSETCATALOG_COMPILER_APPICON_NAME = AppIcon;
				ASSETCATALOG_COMPILER_GLOBAL_ACCENT_COLOR_NAME = AccentColor;
				CODE_SIGN_STYLE = Automatic;
				CURRENT_PROJECT_VERSION = 4;
				DEVELOPMENT_TEAM = 2T275HN47B;
				ENABLE_PREVIEWS = YES;
				GENERATE_INFOPLIST_FILE = YES;
				INFOPLIST_KEY_CFBundleDisplayName = "Dog Academy";
				INFOPLIST_KEY_LSApplicationCategoryType = "public.app-category.lifestyle";
				INFOPLIST_KEY_UIApplicationSceneManifest_Generation = YES;
				INFOPLIST_KEY_UIApplicationSupportsIndirectInputEvents = YES;
				INFOPLIST_KEY_UILaunchScreen_Generation = YES;
				INFOPLIST_KEY_UISupportedInterfaceOrientations = UIInterfaceOrientationPortrait;
				IPHONEOS_DEPLOYMENT_TARGET = 17.6;
				LD_RUNPATH_SEARCH_PATHS = (
					"$(inherited)",
					"@executable_path/Frameworks",
				);
				MARKETING_VERSION = 1.0;
				PRODUCT_BUNDLE_IDENTIFIER = "com.lelia.Dog-Academy";
				PRODUCT_NAME = "$(TARGET_NAME)";
				STRING_CATALOG_GENERATE_SYMBOLS = YES;
				SUPPORTED_PLATFORMS = "iphoneos iphonesimulator";
				SUPPORTS_MACCATALYST = NO;
				SUPPORTS_MAC_DESIGNED_FOR_IPHONE_IPAD = NO;
				SUPPORTS_XR_DESIGNED_FOR_IPHONE_IPAD = NO;
				SWIFT_APPROACHABLE_CONCURRENCY = YES;
				SWIFT_DEFAULT_ACTOR_ISOLATION = MainActor;
				SWIFT_EMIT_LOC_STRINGS = YES;
				SWIFT_UPCOMING_FEATURE_MEMBER_IMPORT_VISIBILITY = YES;
				SWIFT_VERSION = 5.0;
				TARGETED_DEVICE_FAMILY = 1;
			};
			name = Debug;
		};
		A74DDAF12FE08E4C00154946 /* Release */ = {
			isa = XCBuildConfiguration;
			buildSettings = {
				ASSETCATALOG_COMPILER_APPICON_NAME = AppIcon;
				ASSETCATALOG_COMPILER_GLOBAL_ACCENT_COLOR_NAME = AccentColor;
				CODE_SIGN_STYLE = Automatic;
				CURRENT_PROJECT_VERSION = 4;
				DEVELOPMENT_TEAM = 2T275HN47B;
				ENABLE_PREVIEWS = YES;
				GENERATE_INFOPLIST_FILE = YES;
				INFOPLIST_KEY_CFBundleDisplayName = "Dog Academy";
				INFOPLIST_KEY_LSApplicationCategoryType = "public.app-category.lifestyle";
				INFOPLIST_KEY_UIApplicationSceneManifest_Generation = YES;
				INFOPLIST_KEY_UIApplicationSupportsIndirectInputEvents = YES;
				INFOPLIST_KEY_UILaunchScreen_Generation = YES;
				INFOPLIST_KEY_UISupportedInterfaceOrientations = UIInterfaceOrientationPortrait;
				IPHONEOS_DEPLOYMENT_TARGET = 17.6;
				LD_RUNPATH_SEARCH_PATHS = (
					"$(inherited)",
					"@executable_path/Frameworks",
				);
				MARKETING_VERSION = 1.0;
				PRODUCT_BUNDLE_IDENTIFIER = "com.lelia.Dog-Academy";
				PRODUCT_NAME = "$(TARGET_NAME)";
				STRING_CATALOG_GENERATE_SYMBOLS = YES;
				SUPPORTED_PLATFORMS = "iphoneos iphonesimulator";
				SUPPORTS_MACCATALYST = NO;
				SUPPORTS_MAC_DESIGNED_FOR_IPHONE_IPAD = NO;
				SUPPORTS_XR_DESIGNED_FOR_IPHONE_IPAD = NO;
				SWIFT_APPROACHABLE_CONCURRENCY = YES;
				SWIFT_DEFAULT_ACTOR_ISOLATION = MainActor;
				SWIFT_EMIT_LOC_STRINGS = YES;
				SWIFT_UPCOMING_FEATURE_MEMBER_IMPORT_VISIBILITY = YES;
				SWIFT_VERSION = 5.0;
				TARGETED_DEVICE_FAMILY = 1;
			};
			name = Release;
		};
		A74DDAF32FE08E4C00154946 /* Debug */ = {
			isa = XCBuildConfiguration;
			buildSettings = {
				BUNDLE_LOADER = "$(TEST_HOST)";
				CODE_SIGN_STYLE = Automatic;
				CURRENT_PROJECT_VERSION = 1;
				DEVELOPMENT_TEAM = 2T275HN47B;
				GENERATE_INFOPLIST_FILE = YES;
				IPHONEOS_DEPLOYMENT_TARGET = 26.5;
				MARKETING_VERSION = 1.0;
				PRODUCT_BUNDLE_IDENTIFIER = "com.lelia.Dog-TrainerTests";
				PRODUCT_NAME = "$(TARGET_NAME)";
				STRING_CATALOG_GENERATE_SYMBOLS = NO;
				SWIFT_APPROACHABLE_CONCURRENCY = YES;
				SWIFT_EMIT_LOC_STRINGS = NO;
				SWIFT_UPCOMING_FEATURE_MEMBER_IMPORT_VISIBILITY = YES;
				SWIFT_VERSION = 5.0;
				TARGETED_DEVICE_FAMILY = "1,2";
				TEST_HOST = "$(BUILT_PRODUCTS_DIR)/Dog Trainer.app/$(BUNDLE_EXECUTABLE_FOLDER_PATH)/Dog Trainer";
			};
			name = Debug;
		};
		A74DDAF42FE08E4C00154946 /* Release */ = {
			isa = XCBuildConfiguration;
			buildSettings = {
				BUNDLE_LOADER = "$(TEST_HOST)";
				CODE_SIGN_STYLE = Automatic;
				CURRENT_PROJECT_VERSION = 1;
				DEVELOPMENT_TEAM = 2T275HN47B;
				GENERATE_INFOPLIST_FILE = YES;
				IPHONEOS_DEPLOYMENT_TARGET = 26.5;
				MARKETING_VERSION = 1.0;
				PRODUCT_BUNDLE_IDENTIFIER = "com.lelia.Dog-TrainerTests";
				PRODUCT_NAME = "$(TARGET_NAME)";
				STRING_CATALOG_GENERATE_SYMBOLS = NO;
				SWIFT_APPROACHABLE_CONCURRENCY = YES;
				SWIFT_EMIT_LOC_STRINGS = NO;
				SWIFT_UPCOMING_FEATURE_MEMBER_IMPORT_VISIBILITY = YES;
				SWIFT_VERSION = 5.0;
				TARGETED_DEVICE_FAMILY = "1,2";
				TEST_HOST = "$(BUILT_PRODUCTS_DIR)/Dog Trainer.app/$(BUNDLE_EXECUTABLE_FOLDER_PATH)/Dog Trainer";
			};
			name = Release;
		};
		A74DDAF62FE08E4C00154946 /* Debug */ = {
			isa = XCBuildConfiguration;
			buildSettings = {
				CODE_SIGN_STYLE = Automatic;
				CURRENT_PROJECT_VERSION = 1;
				DEVELOPMENT_TEAM = 2T275HN47B;
				GENERATE_INFOPLIST_FILE = YES;
				MARKETING_VERSION = 1.0;
				PRODUCT_BUNDLE_IDENTIFIER = "com.lelia.Dog-TrainerUITests";
				PRODUCT_NAME = "$(TARGET_NAME)";
				STRING_CATALOG_GENERATE_SYMBOLS = NO;
				SWIFT_APPROACHABLE_CONCURRENCY = YES;
				SWIFT_EMIT_LOC_STRINGS = NO;
				SWIFT_UPCOMING_FEATURE_MEMBER_IMPORT_VISIBILITY = YES;
				SWIFT_VERSION = 5.0;
				TARGETED_DEVICE_FAMILY = "1,2";
				TEST_TARGET_NAME = "Dog Trainer";
			};
			name = Debug;
		};
		A74DDAF72FE08E4C00154946 /* Release */ = {
			isa = XCBuildConfiguration;
			buildSettings = {
				CODE_SIGN_STYLE = Automatic;
				CURRENT_PROJECT_VERSION = 1;
				DEVELOPMENT_TEAM = 2T275HN47B;
				GENERATE_INFOPLIST_FILE = YES;
				MARKETING_VERSION = 1.0;
				PRODUCT_BUNDLE_IDENTIFIER = "com.lelia.Dog-TrainerUITests";
				PRODUCT_NAME = "$(TARGET_NAME)";
				STRING_CATALOG_GENERATE_SYMBOLS = NO;
				SWIFT_APPROACHABLE_CONCURRENCY = YES;
				SWIFT_EMIT_LOC_STRINGS = NO;
				SWIFT_UPCOMING_FEATURE_MEMBER_IMPORT_VISIBILITY = YES;
				SWIFT_VERSION = 5.0;
				TARGETED_DEVICE_FAMILY = "1,2";
				TEST_TARGET_NAME = "Dog Trainer";
			};
			name = Release;
		};
		A793FE75305E563600717BA8 /* Debug */ = {
			isa = XCBuildConfiguration;
			buildSettings = {
				ASSETCATALOG_COMPILER_APPICON_NAME = AppIcon;
				ASSETCATALOG_COMPILER_GLOBAL_ACCENT_COLOR_NAME = AccentColor;
				CODE_SIGN_STYLE = Automatic;
				CURRENT_PROJECT_VERSION = 1;
				DEVELOPMENT_TEAM = 2T275HN47B;
				ENABLE_PREVIEWS = YES;
				GENERATE_INFOPLIST_FILE = YES;
				INFOPLIST_KEY_CFBundleDisplayName = "Dog Academy Watch";
				INFOPLIST_KEY_UISupportedInterfaceOrientations = "UIInterfaceOrientationPortrait UIInterfaceOrientationPortraitUpsideDown";
				INFOPLIST_KEY_WKCompanionAppBundleIdentifier = "com.lelia.Dog-Academy";
				LD_RUNPATH_SEARCH_PATHS = (
					"$(inherited)",
					"@executable_path/Frameworks",
				);
				MARKETING_VERSION = 1.0;
				PRODUCT_BUNDLE_IDENTIFIER = "com.lelia.Dog-Academy.watchkitapp";
				PRODUCT_NAME = "$(TARGET_NAME)";
				SDKROOT = watchos;
				SKIP_INSTALL = YES;
				STRING_CATALOG_GENERATE_SYMBOLS = YES;
				SWIFT_APPROACHABLE_CONCURRENCY = YES;
				SWIFT_DEFAULT_ACTOR_ISOLATION = MainActor;
				SWIFT_EMIT_LOC_STRINGS = YES;
				SWIFT_UPCOMING_FEATURE_MEMBER_IMPORT_VISIBILITY = YES;
				SWIFT_VERSION = 5.0;
				TARGETED_DEVICE_FAMILY = 4;
				WATCHOS_DEPLOYMENT_TARGET = 26.5;
			};
			name = Debug;
		};
		A793FE76305E563600717BA8 /* Release */ = {
			isa = XCBuildConfiguration;
			buildSettings = {
				ASSETCATALOG_COMPILER_APPICON_NAME = AppIcon;
				ASSETCATALOG_COMPILER_GLOBAL_ACCENT_COLOR_NAME = AccentColor;
				CODE_SIGN_STYLE = Automatic;
				CURRENT_PROJECT_VERSION = 1;
				DEVELOPMENT_TEAM = 2T275HN47B;
				ENABLE_PREVIEWS = YES;
				GENERATE_INFOPLIST_FILE = YES;
				INFOPLIST_KEY_CFBundleDisplayName = "Dog Academy Watch";
				INFOPLIST_KEY_UISupportedInterfaceOrientations = "UIInterfaceOrientationPortrait UIInterfaceOrientationPortraitUpsideDown";
				INFOPLIST_KEY_WKCompanionAppBundleIdentifier = "com.lelia.Dog-Academy";
				LD_RUNPATH_SEARCH_PATHS = (
					"$(inherited)",
					"@executable_path/Frameworks",
				);
				MARKETING_VERSION = 1.0;
				PRODUCT_BUNDLE_IDENTIFIER = "com.lelia.Dog-Academy.watchkitapp";
				PRODUCT_NAME = "$(TARGET_NAME)";
				SDKROOT = watchos;
				SKIP_INSTALL = YES;
				STRING_CATALOG_GENERATE_SYMBOLS = YES;
				SWIFT_APPROACHABLE_CONCURRENCY = YES;
				SWIFT_DEFAULT_ACTOR_ISOLATION = MainActor;
				SWIFT_EMIT_LOC_STRINGS = YES;
				SWIFT_UPCOMING_FEATURE_MEMBER_IMPORT_VISIBILITY = YES;
				SWIFT_VERSION = 5.0;
				TARGETED_DEVICE_FAMILY = 4;
				WATCHOS_DEPLOYMENT_TARGET = 26.5;
			};
			name = Release;
		};
		A793FE77305E563600717BA8 /* Debug */ = {
			isa = XCBuildConfiguration;
			buildSettings = {
				BUNDLE_LOADER = "$(TEST_HOST)";
				CODE_SIGN_STYLE = Automatic;
				CURRENT_PROJECT_VERSION = 1;
				DEVELOPMENT_TEAM = 2T275HN47B;
				GENERATE_INFOPLIST_FILE = YES;
				MARKETING_VERSION = 1.0;
				PRODUCT_BUNDLE_IDENTIFIER = "com.lelia.Dog-Academy-Watch-Watch-AppTests";
				PRODUCT_NAME = "$(TARGET_NAME)";
				SDKROOT = watchos;
				STRING_CATALOG_GENERATE_SYMBOLS = NO;
				SWIFT_APPROACHABLE_CONCURRENCY = YES;
				SWIFT_EMIT_LOC_STRINGS = NO;
				SWIFT_UPCOMING_FEATURE_MEMBER_IMPORT_VISIBILITY = YES;
				SWIFT_VERSION = 5.0;
				TARGETED_DEVICE_FAMILY = 4;
				TEST_HOST = "$(BUILT_PRODUCTS_DIR)/Dog Academy Watch Watch App.app/$(BUNDLE_EXECUTABLE_FOLDER_PATH)/Dog Academy Watch Watch App";
				WATCHOS_DEPLOYMENT_TARGET = 26.5;
			};
			name = Debug;
		};
		A793FE78305E563600717BA8 /* Release */ = {
			isa = XCBuildConfiguration;
			buildSettings = {
				BUNDLE_LOADER = "$(TEST_HOST)";
				CODE_SIGN_STYLE = Automatic;
				CURRENT_PROJECT_VERSION = 1;
				DEVELOPMENT_TEAM = 2T275HN47B;
				GENERATE_INFOPLIST_FILE = YES;
				MARKETING_VERSION = 1.0;
				PRODUCT_BUNDLE_IDENTIFIER = "com.lelia.Dog-Academy-Watch-Watch-AppTests";
				PRODUCT_NAME = "$(TARGET_NAME)";
				SDKROOT = watchos;
				STRING_CATALOG_GENERATE_SYMBOLS = NO;
				SWIFT_APPROACHABLE_CONCURRENCY = YES;
				SWIFT_EMIT_LOC_STRINGS = NO;
				SWIFT_UPCOMING_FEATURE_MEMBER_IMPORT_VISIBILITY = YES;
				SWIFT_VERSION = 5.0;
				TARGETED_DEVICE_FAMILY = 4;
				TEST_HOST = "$(BUILT_PRODUCTS_DIR)/Dog Academy Watch Watch App.app/$(BUNDLE_EXECUTABLE_FOLDER_PATH)/Dog Academy Watch Watch App";
				WATCHOS_DEPLOYMENT_TARGET = 26.5;
			};
			name = Release;
		};
		A793FE79305E563600717BA8 /* Debug */ = {
			isa = XCBuildConfiguration;
			buildSettings = {
				CODE_SIGN_STYLE = Automatic;
				CURRENT_PROJECT_VERSION = 1;
				DEVELOPMENT_TEAM = 2T275HN47B;
				GENERATE_INFOPLIST_FILE = YES;
				MARKETING_VERSION = 1.0;
				PRODUCT_BUNDLE_IDENTIFIER = "com.lelia.Dog-Academy-Watch-Watch-AppUITests";
				PRODUCT_NAME = "$(TARGET_NAME)";
				SDKROOT = watchos;
				STRING_CATALOG_GENERATE_SYMBOLS = NO;
				SWIFT_APPROACHABLE_CONCURRENCY = YES;
				SWIFT_EMIT_LOC_STRINGS = NO;
				SWIFT_UPCOMING_FEATURE_MEMBER_IMPORT_VISIBILITY = YES;
				SWIFT_VERSION = 5.0;
				TARGETED_DEVICE_FAMILY = 4;
				TEST_TARGET_NAME = "Dog Academy Watch Watch App";
				WATCHOS_DEPLOYMENT_TARGET = 26.5;
			};
			name = Debug;
		};
		A793FE7A305E563600717BA8 /* Release */ = {
			isa = XCBuildConfiguration;
			buildSettings = {
				CODE_SIGN_STYLE = Automatic;
				CURRENT_PROJECT_VERSION = 1;
				DEVELOPMENT_TEAM = 2T275HN47B;
				GENERATE_INFOPLIST_FILE = YES;
				MARKETING_VERSION = 1.0;
				PRODUCT_BUNDLE_IDENTIFIER = "com.lelia.Dog-Academy-Watch-Watch-AppUITests";
				PRODUCT_NAME = "$(TARGET_NAME)";
				SDKROOT = watchos;
				STRING_CATALOG_GENERATE_SYMBOLS = NO;
				SWIFT_APPROACHABLE_CONCURRENCY = YES;
				SWIFT_EMIT_LOC_STRINGS = NO;
				SWIFT_UPCOMING_FEATURE_MEMBER_IMPORT_VISIBILITY = YES;
				SWIFT_VERSION = 5.0;
				TARGETED_DEVICE_FAMILY = 4;
				TEST_TARGET_NAME = "Dog Academy Watch Watch App";
				WATCHOS_DEPLOYMENT_TARGET = 26.5;
			};
			name = Release;
		};
/* End XCBuildConfiguration section */

/* Begin XCConfigurationList section */
		A74DDAC92FE08E4900154946 /* Build configuration list for PBXProject "Dog Trainer" */ = {
			isa = XCConfigurationList;
			buildConfigurations = (
				A74DDAED2FE08E4C00154946 /* Debug */,
				A74DDAEE2FE08E4C00154946 /* Release */,
			);
			defaultConfigurationIsVisible = 0;
			defaultConfigurationName = Release;
		};
		A74DDAEF2FE08E4C00154946 /* Build configuration list for PBXNativeTarget "Dog Trainer" */ = {
			isa = XCConfigurationList;
			buildConfigurations = (
				A74DDAF02FE08E4C00154946 /* Debug */,
				A74DDAF12FE08E4C00154946 /* Release */,
			);
			defaultConfigurationIsVisible = 0;
			defaultConfigurationName = Release;
		};
		A74DDAF22FE08E4C00154946 /* Build configuration list for PBXNativeTarget "Dog TrainerTests" */ = {
			isa = XCConfigurationList;
			buildConfigurations = (
				A74DDAF32FE08E4C00154946 /* Debug */,
				A74DDAF42FE08E4C00154946 /* Release */,
			);
			defaultConfigurationIsVisible = 0;
			defaultConfigurationName = Release;
		};
		A74DDAF52FE08E4C00154946 /* Build configuration list for PBXNativeTarget "Dog TrainerUITests" */ = {
			isa = XCConfigurationList;
			buildConfigurations = (
				A74DDAF62FE08E4C00154946 /* Debug */,
				A74DDAF72FE08E4C00154946 /* Release */,
			);
			defaultConfigurationIsVisible = 0;
			defaultConfigurationName = Release;
		};
		A793FE7B305E563600717BA8 /* Build configuration list for PBXNativeTarget "Dog Academy Watch Watch App" */ = {
			isa = XCConfigurationList;
			buildConfigurations = (
				A793FE75305E563600717BA8 /* Debug */,
				A793FE76305E563600717BA8 /* Release */,
			);
			defaultConfigurationIsVisible = 0;
			defaultConfigurationName = Release;
		};
		A793FE7C305E563600717BA8 /* Build configuration list for PBXNativeTarget "Dog Academy Watch Watch AppTests" */ = {
			isa = XCConfigurationList;
			buildConfigurations = (
				A793FE77305E563600717BA8 /* Debug */,
				A793FE78305E563600717BA8 /* Release */,
			);
			defaultConfigurationIsVisible = 0;
			defaultConfigurationName = Release;
		};
		A793FE7D305E563600717BA8 /* Build configuration list for PBXNativeTarget "Dog Academy Watch Watch AppUITests" */ = {
			isa = XCConfigurationList;
			buildConfigurations = (
				A793FE79305E563600717BA8 /* Debug */,
				A793FE7A305E563600717BA8 /* Release */,
			);
			defaultConfigurationIsVisible = 0;
			defaultConfigurationName = Release;
		};
/* End XCConfigurationList section */
	};
	rootObject = A74DDAC62FE08E4900154946 /* Project object */;
}
